// !$*UTF8*$!
{
	archiveVersion = 1;
	classes = {
	};
	objectVersion = 56;
	objects = {

/* Begin PBXBuildFile section */
		428FA43E2C12C3F000517215 /* gitattributesApp.swift in Sources */ = {isa = PBXBuildFile; fileRef = 428FA43D2C12C3F000517215 /* gitattributesApp.swift */; };
		428FA4402C12C3F000517215 /* ContentView.swift in Sources */ = {isa = PBXBuildFile; fileRef = 428FA43F2C12C3F000517215 /* ContentView.swift */; };
		428FA4422C12C3F200517215 /* Assets.xcassets in Resources */ = {isa = PBXBuildFile; fileRef = 428FA4412C12C3F200517215 /* Assets.xcassets */; };
		428FA4452C12C3F200517215 /* Preview Assets.xcassets in Resources */ = {isa = PBXBuildFile; fileRef = 428FA4442C12C3F200517215 /* Preview Assets.xcassets */; };
		428FA4472C12C3F200517215 /* Persistence.swift in Sources */ = {isa = PBXBuildFile; fileRef = 428FA4462C12C3F200517215 /* Persistence.swift */; };
		428FA44A2C12C3F200517215 /* gitattributes.xcdatamodeld in Sources */ = {isa = PBXBuildFile; fileRef = 428FA4482C12C3F200517215 /* gitattributes.xcdatamodeld */; };
		428FA4542C12C3F200517215 /* gitattributesTests.swift in Sources */ = {isa = PBXBuildFile; fileRef = 428FA4532C12C3F200517215 /* gitattributesTests.swift */; };
		428FA45E2C12C3F200517215 /* gitattributesUITests.swift in Sources */ = {isa = PBXBuildFile; fileRef = 428FA45D2C12C3F200517215 /* gitattributesUITests.swift */; };
		428FA4602C12C3F200517215 /* gitattributesUITestsLaunchTests.swift in Sources */ = {isa = PBXBuildFile; fileRef = 428FA45F2C12C3F200517215 /* gitattributesUITestsLaunchTests.swift */; };
		428FA46D2C12C5CE00517215 /* SectionView.swift in Sources */ = {isa = PBXBuildFile; fileRef = 428FA46C2C12C5CE00517215 /* SectionView.swift */; };
/* End PBXBuildFile section */

/* Begin PBXContainerItemProxy section */
		428FA4502C12C3F200517215 /* PBXContainerItemProxy */ = {
			isa = PBXContainerItemProxy;
			containerPortal = 428FA4322C12C3F000517215 /* Project object */;
			proxyType = 1;
			remoteGlobalIDString = 428FA4392C12C3F000517215;
			remoteInfo = gitattributes;
		};
		428FA45A2C12C3F200517215 /* PBXContainerItemProxy */ = {
			isa = PBXContainerItemProxy;
			containerPortal = 428FA4322C12C3F000517215 /* Project object */;
			proxyType = 1;
			remoteGlobalIDString = 428FA4392C12C3F000517215;
			remoteInfo = gitattributes;
		};
/* End PBXContainerItemProxy section */

/* Begin PBXFileReference section */
		428FA43A2C12C3F000517215 /* gitattributes.app */ = {isa = PBXFileReference; explicitFileType = wrapper.application; includeInIndex = 0; path = gitattributes.app; sourceTree = BUILT_PRODUCTS_DIR; };
		428FA43D2C12C3F000517215 /* gitattributesApp.swift */ = {isa = PBXFileReference; lastKnownFileType = sourcecode.swift; path = gitattributesApp.swift; sourceTree = "<group>"; };
		428FA43F2C12C3F000517215 /* ContentView.swift */ = {isa = PBXFileReference; lastKnownFileType = sourcecode.swift; path = ContentView.swift; sourceTree = "<group>"; };
		428FA4412C12C3F200517215 /* Assets.xcassets */ = {isa = PBXFileReference; lastKnownFileType = folder.assetcatalog; path = Assets.xcassets; sourceTree = "<group>"; };
		428FA4442C12C3F200517215 /* Preview Assets.xcassets */ = {isa = PBXFileReference; lastKnownFileType = folder.assetcatalog; path = "Preview Assets.xcassets"; sourceTree = "<group>"; };
		428FA4462C12C3F200517215 /* Persistence.swift */ = {isa = PBXFileReference; lastKnownFileType = sourcecode.swift; path = Persistence.swift; sourceTree = "<group>"; };
		428FA4492C12C3F200517215 /* gitattributes.xcdatamodel */ = {isa = PBXFileReference; lastKnownFileType = wrapper.xcdatamodel; path = gitattributes.xcdatamodel; sourceTree = "<group>"; };
		428FA44F2C12C3F200517215 /* gitattributesTests.xctest */ = {isa = PBXFileReference; explicitFileType = wrapper.cfbundle; includeInIndex = 0; path = gitattributesTests.xctest; sourceTree = BUILT_PRODUCTS_DIR; };
		428FA4532C12C3F200517215 /* gitattributesTests.swift */ = {isa = PBXFileReference; lastKnownFileType = sourcecode.swift; path = gitattributesTests.swift; sourceTree = "<group>"; };
		428FA4592C12C3F200517215 /* gitattributesUITests.xctest */ = {isa = PBXFileReference; explicitFileType = wrapper.cfbundle; includeInIndex = 0; path = gitattributesUITests.xctest; sourceTree = BUILT_PRODUCTS_DIR; };
		428FA45D2C12C3F200517215 /* gitattributesUITests.swift */ = {isa = PBXFileReference; lastKnownFileType = sourcecode.swift; path = gitattributesUITests.swift; sourceTree = "<group>"; };
		428FA45F2C12C3F200517215 /* gitattributesUITestsLaunchTests.swift */ = {isa = PBXFileReference; lastKnownFileType = sourcecode.swift; path = gitattributesUITestsLaunchTests.swift; sourceTree = "<group>"; };
		428FA46C2C12C5CE00517215 /* SectionView.swift */ = {isa = PBXFileReference; lastKnownFileType = sourcecode.swift; path = SectionView.swift; sourceTree = "<group>"; };
/* End PBXFileReference section */

/* Begin PBXFrameworksBuildPhase section */
		428FA4372C12C3F000517215 /* Frameworks */ = {
			isa = PBXFrameworksBuildPhase;
			buildActionMask = 2147483647;
			files = (
			);
			runOnlyForDeploymentPostprocessing = 0;
		};
		428FA44C2C12C3F200517215 /* Frameworks */ = {
			isa = PBXFrameworksBuildPhase;
			buildActionMask = 2147483647;
			files = (
			);
			runOnlyForDeploymentPostprocessing = 0;
		};
		428FA4562C12C3F200517215 /* Frameworks */ = {
			isa = PBXFrameworksBuildPhase;
			buildActionMask = 2147483647;
			files = (
			);
			runOnlyForDeploymentPostprocessing = 0;
		};
/* End PBXFrameworksBuildPhase section */

/* Begin PBXGroup section */
		428FA4312C12C3F000517215 = {
			isa = PBXGroup;
			children = (
				428FA43C2C12C3F000517215 /* gitattributes */,
				428FA4522C12C3F200517215 /* gitattributesTests */,
				428FA45C2C12C3F200517215 /* gitattributesUITests */,
				428FA43B2C12C3F000517215 /* Products */,
			);
			sourceTree = "<group>";
		};
		428FA43B2C12C3F000517215 /* Products */ = {
			isa = PBXGroup;
			children = (
				428FA43A2C12C3F000517215 /* gitattributes.app */,
				428FA44F2C12C3F200517215 /* gitattributesTests.xctest */,
				428FA4592C12C3F200517215 /* gitattributesUITests.xctest */,
			);
			name = Products;
			sourceTree = "<group>";
		};
		428FA43C2C12C3F000517215 /* gitattributes */ = {
			isa = PBXGroup;
			children = (
				428FA43D2C12C3F000517215 /* gitattributesApp.swift */,
				428FA43F2C12C3F000517215 /* ContentView.swift */,
				428FA4412C12C3F200517215 /* Assets.xcassets */,
				428FA4462C12C3F200517215 /* Persistence.swift */,
				428FA4482C12C3F200517215 /* gitattributes.xcdatamodeld */,
				428FA4432C12C3F200517215 /* Preview Content */,
				428FA46C2C12C5CE00517215 /* SectionView.swift */,
			);
			path = gitattributes;
			sourceTree = "<group>";
		};
		428FA4432C12C3F200517215 /* Preview Content */ = {
			isa = PBXGroup;
			children = (
				428FA4442C12C3F200517215 /* Preview Assets.xcassets */,
			);
			path = "Preview Content";
			sourceTree = "<group>";
		};
		428FA4522C12C3F200517215 /* gitattributesTests */ = {
			isa = PBXGroup;
			children = (
				428FA4532C12C3F200517215 /* gitattributesTests.swift */,
			);
			path = gitattributesTests;
			sourceTree = "<group>";
		};
		428FA45C2C12C3F200517215 /* gitattributesUITests */ = {
			isa = PBXGroup;
			children = (
				428FA45D2C12C3F200517215 /* gitattributesUITests.swift */,
				428FA45F2C12C3F200517215 /* gitattributesUITestsLaunchTests.swift */,
			);
			path = gitattributesUITests;
			sourceTree = "<group>";
		};
/* End PBXGroup section */

/* Begin PBXNativeTarget section */
		428FA4392C12C3F000517215 /* gitattributes */ = {
			isa = PBXNativeTarget;
			buildConfigurationList = 428FA4632C12C3F200517215 /* Build configuration list for PBXNativeTarget "gitattributes" */;
			buildPhases = (
				428FA4362C12C3F000517215 /* Sources */,
				428FA4372C12C3F000517215 /* Frameworks */,
				428FA4382C12C3F000517215 /* Resources */,
			);
			buildRules = (
			);
			dependencies = (
			);
			name = gitattributes;
			productName = gitattributes;
			productReference = 428FA43A2C12C3F000517215 /* gitattributes.app */;
			productType = "com.apple.product-type.application";
		};
		428FA44E2C12C3F200517215 /* gitattributesTests */ = {
			isa = PBXNativeTarget;
			buildConfigurationList = 428FA4662C12C3F200517215 /* Build configuration list for PBXNativeTarget "gitattributesTests" */;
			buildPhases = (
				428FA44B2C12C3F200517215 /* Sources */,
				428FA44C2C12C3F200517215 /* Frameworks */,
				428FA44D2C12C3F200517215 /* Resources */,
			);
			buildRules = (
			);
			dependencies = (
				428FA4512C12C3F200517215 /* PBXTargetDependency */,
			);
			name = gitattributesTests;
			productName = gitattributesTests;
			productReference = 428FA44F2C12C3F200517215 /* gitattributesTests.xctest */;
			productType = "com.apple.product-type.bundle.unit-test";
		};
		428FA4582C12C3F200517215 /* gitattributesUITests */ = {
			isa = PBXNativeTarget;
			buildConfigurationList = 428FA4692C12C3F200517215 /* Build configuration list for PBXNativeTarget "gitattributesUITests" */;
			buildPhases = (
				428FA4552C12C3F200517215 /* Sources */,
				428FA4562C12C3F200517215 /* Frameworks */,
				428FA4572C12C3F200517215 /* Resources */,
			);
			buildRules = (
			);
			dependencies = (
				428FA45B2C12C3F200517215 /* PBXTargetDependency */,
			);
			name = gitattributesUITests;
			productName = gitattributesUITests;
			productReference = 428FA4592C12C3F200517215 /* gitattributesUITests.xctest */;
			productType = "com.apple.product-type.bundle.ui-testing";
		};
/* End PBXNativeTarget section */

/* Begin PBXProject section */
		428FA4322C12C3F000517215 /* Project object */ = {
			isa = PBXProject;
			attributes = {
				BuildIndependentTargetsInParallel = 1;
				LastSwiftUpdateCheck = 1530;
				LastUpgradeCheck = 1530;
				TargetAttributes = {
					428FA4392C12C3F000517215 = {
						CreatedOnToolsVersion = 15.3;
					};
					428FA44E2C12C3F200517215 = {
						CreatedOnToolsVersion = 15.3;
						TestTargetID = 428FA4392C12C3F000517215;
					};
					428FA4582C12C3F200517215 = {
						CreatedOnToolsVersion = 15.3;
						TestTargetID = 428FA4392C12C3F000517215;
					};
				};
			};
			buildConfigurationList = 428FA4352C12C3F000517215 /* Build configuration list for PBXProject "gitattributes" */;
			compatibilityVersion = "Xcode 14.0";
			developmentRegion = en;
			hasScannedForEncodings = 0;
			knownRegions = (
				en,
				Base,
			);
			mainGroup = 428FA4312C12C3F000517215;
			productRefGroup = 428FA43B2C12C3F000517215 /* Products */;
			projectDirPath = "";
			projectRoot = "";
			targets = (
				428FA4392C12C3F000517215 /* gitattributes */,
				428FA44E2C12C3F200517215 /* gitattributesTests */,
				428FA4582C12C3F200517215 /* gitattributesUITests */,
			);
		};
/* End PBXProject section */

/* Begin PBXResourcesBuildPhase section */
		428FA4382C12C3F000517215 /* Resources */ = {
			isa = PBXResourcesBuildPhase;
			buildActionMask = 2147483647;
			files = (
				428FA4452C12C3F200517215 /* Preview Assets.xcassets in Resources */,
				428FA4422C12C3F200517215 /* Assets.xcassets in Resources */,
			);
			runOnlyForDeploymentPostprocessing = 0;
		};
		428FA44D2C12C3F200517215 /* Resources */ = {
			isa = PBXResourcesBuildPhase;
			buildActionMask = 2147483647;
			files = (
			);
			runOnlyForDeploymentPostprocessing = 0;
		};
		428FA4572C12C3F200517215 /* Resources */ = {
			isa = PBXResourcesBuildPhase;
			buildActionMask = 2147483647;
			files = (
			);
			runOnlyForDeploymentPostprocessing = 0;
		};
/* End PBXResourcesBuildPhase section */

/* Begin PBXSourcesBuildPhase section */
		428FA4362C12C3F000517215 /* Sources */ = {
			isa = PBXSourcesBuildPhase;
			buildActionMask = 2147483647;
			files = (
				428FA4472C12C3F200517215 /* Persistence.swift in Sources */,
				428FA44A2C12C3F200517215 /* gitattributes.xcdatamodeld in Sources */,
				428FA46D2C12C5CE00517215 /* SectionView.swift in Sources */,
				428FA4402C12C3F000517215 /* ContentView.swift in Sources */,
				428FA43E2C12C3F000517215 /* gitattributesApp.swift in Sources */,
			);
			runOnlyForDeploymentPostprocessing = 0;
		};
		428FA44B2C12C3F200517215 /* Sources */ = {
			isa = PBXSourcesBuildPhase;
			buildActionMask = 2147483647;
			files = (
				428FA4542C12C3F200517215 /* gitattributesTests.swift in Sources */,
			);
			runOnlyForDeploymentPostprocessing = 0;
		};
		428FA4552C12C3F200517215 /* Sources */ = {
			isa = PBXSourcesBuildPhase;
			buildActionMask = 2147483647;
			files = (
				428FA4602C12C3F200517215 /* gitattributesUITestsLaunchTests.swift in Sources */,
				428FA45E2C12C3F200517215 /* gitattributesUITests.swift in Sources */,
			);
			runOnlyForDeploymentPostprocessing = 0;
		};
/* End PBXSourcesBuildPhase section */

/* Begin PBXTargetDependency section */
		428FA4512C12C3F200517215 /* PBXTargetDependency */ = {
			isa = PBXTargetDependency;
			target = 428FA4392C12C3F000517215 /* gitattributes */;
			targetProxy = 428FA4502C12C3F200517215 /* PBXContainerItemProxy */;
		};
		428FA45B2C12C3F200517215 /* PBXTargetDependency */ = {
			isa = PBXTargetDependency;
			target = 428FA4392C12C3F000517215 /* gitattributes */;
			targetProxy = 428FA45A2C12C3F200517215 /* PBXContainerItemProxy */;
		};
/* End PBXTargetDependency section */

/* Begin XCBuildConfiguration section */
		428FA4612C12C3F200517215 /* Debug */ = {
			isa = XCBuildConfiguration;
			buildSettings = {
				ALWAYS_SEARCH_USER_PATHS = NO;
				ASSETCATALOG_COMPILER_GENERATE_SWIFT_ASSET_SYMBOL_EXTENSIONS = YES;
				CLANG_ANALYZER_NONNULL = YES;
				CLANG_ANALYZER_NUMBER_OBJECT_CONVERSION = YES_AGGRESSIVE;
				CLANG_CXX_LANGUAGE_STANDARD = "gnu++20";
				CLANG_ENABLE_MODULES = YES;
				CLANG_ENABLE_OBJC_ARC = YES;
				CLANG_ENABLE_OBJC_WEAK = YES;
				CLANG_WARN_BLOCK_CAPTURE_AUTORELEASING = YES;
				CLANG_WARN_BOOL_CONVERSION = YES;
				CLANG_WARN_COMMA = YES;
				CLANG_WARN_CONSTANT_CONVERSION = YES;
				CLANG_WARN_DEPRECATED_OBJC_IMPLEMENTATIONS = YES;
				CLANG_WARN_DIRECT_OBJC_ISA_USAGE = YES_ERROR;
				CLANG_WARN_DOCUMENTATION_COMMENTS = YES;
				CLANG_WARN_EMPTY_BODY = YES;
				CLANG_WARN_ENUM_CONVERSION = YES;
				CLANG_WARN_INFINITE_RECURSION = YES;
				CLANG_WARN_INT_CONVERSION = YES;
				CLANG_WARN_NON_LITERAL_NULL_CONVERSION = YES;
				CLANG_WARN_OBJC_IMPLICIT_RETAIN_SELF = YES;
				CLANG_WARN_OBJC_LITERAL_CONVERSION = YES;
				CLANG_WARN_OBJC_ROOT_CLASS = YES_ERROR;
				CLANG_WARN_QUOTED_INCLUDE_IN_FRAMEWORK_HEADER = YES;
				CLANG_WARN_RANGE_LOOP_ANALYSIS = YES;
				CLANG_WARN_STRICT_PROTOTYPES = YES;
				CLANG_WARN_SUSPICIOUS_MOVE = YES;
				CLANG_WARN_UNGUARDED_AVAILABILITY = YES_AGGRESSIVE;
				CLANG_WARN_UNREACHABLE_CODE = YES;
				CLANG_WARN__DUPLICATE_METHOD_MATCH = YES;
				COPY_PHASE_STRIP = NO;
				DEBUG_INFORMATION_FORMAT = dwarf;
				ENABLE_STRICT_OBJC_MSGSEND = YES;
				ENABLE_TESTABILITY = YES;
				ENABLE_USER_SCRIPT_SANDBOXING = YES;
				GCC_C_LANGUAGE_STANDARD = gnu17;
				GCC_DYNAMIC_NO_PIC = NO;
				GCC_NO_COMMON_BLOCKS = YES;
				GCC_OPTIMIZATION_LEVEL = 0;
				GCC_PREPROCESSOR_DEFINITIONS = (
					"DEBUG=1",
					"$(inherited)",
				);
				GCC_WARN_64_TO_32_BIT_CONVERSION = YES;
				GCC_WARN_ABOUT_RETURN_TYPE = YES_ERROR;
				GCC_WARN_UNDECLARED_SELECTOR = YES;
				GCC_WARN_UNINITIALIZED_AUTOS = YES_AGGRESSIVE;
				GCC_WARN_UNUSED_FUNCTION = YES;
				GCC_WARN_UNUSED_VARIABLE = YES;
				IPHONEOS_DEPLOYMENT_TARGET = 17.4;
				LOCALIZATION_PREFERS_STRING_CATALOGS = YES;
				MTL_ENABLE_DEBUG_INFO = INCLUDE_SOURCE;
				MTL_FAST_MATH = YES;
				ONLY_ACTIVE_ARCH = YES;
				SDKROOT = iphoneos;
				SWIFT_ACTIVE_COMPILATION_CONDITIONS = "DEBUG $(inherited)";
				SWIFT_OPTIMIZATION_LEVEL = "-Onone";
			};
			name = Debug;
		};
		428FA4622C12C3F200517215 /* Release */ = {
			isa = XCBuildConfiguration;
			buildSettings = {
				ALWAYS_SEARCH_USER_PATHS = NO;
				ASSETCATALOG_COMPILER_GENERATE_SWIFT_ASSET_SYMBOL_EXTENSIONS = YES;
				CLANG_ANALYZER_NONNULL = YES;
				CLANG_ANALYZER_NUMBER_OBJECT_CONVERSION = YES_AGGRESSIVE;
				CLANG_CXX_LANGUAGE_STANDARD = "gnu++20";
				CLANG_ENABLE_MODULES = YES;
				CLANG_ENABLE_OBJC_ARC = YES;
				CLANG_ENABLE_OBJC_WEAK = YES;
				CLANG_WARN_BLOCK_CAPTURE_AUTORELEASING = YES;
				CLANG_WARN_BOOL_CONVERSION = YES;
				CLANG_WARN_COMMA = YES;
				CLANG_WARN_CONSTANT_CONVERSION = YES;
				CLANG_WARN_DEPRECATED_OBJC_IMPLEMENTATIONS = YES;
				CLANG_WARN_DIRECT_OBJC_ISA_USAGE = YES_ERROR;
				CLANG_WARN_DOCUMENTATION_COMMENTS = YES;
				CLANG_WARN_EMPTY_BODY = YES;
				CLANG_WARN_ENUM_CONVERSION = YES;
				CLANG_WARN_INFINITE_RECURSION = YES;
				CLANG_WARN_INT_CONVERSION = YES;
				CLANG_WARN_NON_LITERAL_NULL_CONVERSION = YES;
				CLANG_WARN_OBJC_IMPLICIT_RETAIN_SELF = YES;
				CLANG_WARN_OBJC_LITERAL_CONVERSION = YES;
				CLANG_WARN_OBJC_ROOT_CLASS = YES_ERROR;
				CLANG_WARN_QUOTED_INCLUDE_IN_FRAMEWORK_HEADER = YES;
				CLANG_WARN_RANGE_LOOP_ANALYSIS = YES;
				CLANG_WARN_STRICT_PROTOTYPES = YES;
				CLANG_WARN_SUSPICIOUS_MOVE = YES;
				CLANG_WARN_UNGUARDED_AVAILABILITY = YES_AGGRESSIVE;
				CLANG_WARN_UNREACHABLE_CODE = YES;
				CLANG_WARN__DUPLICATE_METHOD_MATCH = YES;
				COPY_PHASE_STRIP = NO;
				DEBUG_INFORMATION_FORMAT = "dwarf-with-dsym";
				ENABLE_NS_ASSERTIONS = NO;
				ENABLE_STRICT_OBJC_MSGSEND = YES;
				ENABLE_USER_SCRIPT_SANDBOXING = YES;
				GCC_C_LANGUAGE_STANDARD = gnu17;
				GCC_NO_COMMON_BLOCKS = YES;
				GCC_WARN_64_TO_32_BIT_CONVERSION = YES;
				GCC_WARN_ABOUT_RETURN_TYPE = YES_ERROR;
				GCC_WARN_UNDECLARED_SELECTOR = YES;
				GCC_WARN_UNINITIALIZED_AUTOS = YES_AGGRESSIVE;
				GCC_WARN_UNUSED_FUNCTION = YES;
				GCC_WARN_UNUSED_VARIABLE = YES;
				IPHONEOS_DEPLOYMENT_TARGET = 17.4;
				LOCALIZATION_PREFERS_STRING_CATALOGS = YES;
				MTL_ENABLE_DEBUG_INFO = NO;
				MTL_FAST_MATH = YES;
				SDKROOT = iphoneos;
				SWIFT_COMPILATION_MODE = wholemodule;
				VALIDATE_PRODUCT = YES;
			};
			name = Release;
		};
		428FA4642C12C3F200517215 /* Debug */ = {
			isa = XCBuildConfiguration;
			buildSettings = {
				ASSETCATALOG_COMPILER_APPICON_NAME = AppIcon;
				ASSETCATALOG_COMPILER_GLOBAL_ACCENT_COLOR_NAME = AccentColor;
				CODE_SIGN_STYLE = Automatic;
				CURRENT_PROJECT_VERSION = 1;
				DEVELOPMENT_ASSET_PATHS = "\"gitattributes/Preview Content\"";
				ENABLE_PREVIEWS = YES;
				GENERATE_INFOPLIST_FILE = YES;
				INFOPLIST_KEY_UIApplicationSceneManifest_Generation = YES;
				INFOPLIST_KEY_UIApplicationSupportsIndirectInputEvents = YES;
				INFOPLIST_KEY_UILaunchScreen_Generation = YES;
				INFOPLIST_KEY_UISupportedInterfaceOrientations_iPad = "UIInterfaceOrientationPortrait UIInterfaceOrientationPortraitUpsideDown UIInterfaceOrientationLandscapeLeft UIInterfaceOrientationLandscapeRight";
				INFOPLIST_KEY_UISupportedInterfaceOrientations_iPhone = "UIInterfaceOrientationPortrait UIInterfaceOrientationLandscapeLeft UIInterfaceOrientationLandscapeRight";
				LD_RUNPATH_SEARCH_PATHS = (
					"$(inherited)",
					"@executable_path/Frameworks",
				);
				MARKETING_VERSION = 1.0;
				PRODUCT_BUNDLE_IDENTIFIER = com.sawitpro.gitattributes;
				PRODUCT_NAME = "$(TARGET_NAME)";
				SWIFT_EMIT_LOC_STRINGS = YES;
				SWIFT_VERSION = 5.0;
				TARGETED_DEVICE_FAMILY = "1,2";
			};
			name = Debug;
		};
		428FA4652C12C3F200517215 /* Release */ = {
			isa = XCBuildConfiguration;
			buildSettings = {
				ASSETCATALOG_COMPILER_APPICON_NAME = AppIcon;
				ASSETCATALOG_COMPILER_GLOBAL_ACCENT_COLOR_NAME = AccentColor;
				CODE_SIGN_STYLE = Automatic;
				CURRENT_PROJECT_VERSION = 1;
				DEVELOPMENT_ASSET_PATHS = "\"gitattributes/Preview Content\"";
				ENABLE_PREVIEWS = YES;
				GENERATE_INFOPLIST_FILE = YES;
				INFOPLIST_KEY_UIApplicationSceneManifest_Generation = YES;
				INFOPLIST_KEY_UIApplicationSupportsIndirectInputEvents = YES;
				INFOPLIST_KEY_UILaunchScreen_Generation = YES;
				INFOPLIST_KEY_UISupportedInterfaceOrientations_iPad = "UIInterfaceOrientationPortrait UIInterfaceOrientationPortraitUpsideDown UIInterfaceOrientationLandscapeLeft UIInterfaceOrientationLandscapeRight";
				INFOPLIST_KEY_UISupportedInterfaceOrientations_iPhone = "UIInterfaceOrientationPortrait UIInterfaceOrientationLandscapeLeft UIInterfaceOrientationLandscapeRight";
				LD_RUNPATH_SEARCH_PATHS = (
					"$(inherited)",
					"@executable_path/Frameworks",
				);
				MARKETING_VERSION = 1.0;
				PRODUCT_BUNDLE_IDENTIFIER = com.sawitpro.gitattributes;
				PRODUCT_NAME = "$(TARGET_NAME)";
				SWIFT_EMIT_LOC_STRINGS = YES;
				SWIFT_VERSION = 5.0;
				TARGETED_DEVICE_FAMILY = "1,2";
			};
			name = Release;
		};
		428FA4672C12C3F200517215 /* Debug */ = {
			isa = XCBuildConfiguration;
			buildSettings = {
				ALWAYS_EMBED_SWIFT_STANDARD_LIBRARIES = YES;
				BUNDLE_LOADER = "$(TEST_HOST)";
				CODE_SIGN_STYLE = Automatic;
				CURRENT_PROJECT_VERSION = 1;
				GENERATE_INFOPLIST_FILE = YES;
				IPHONEOS_DEPLOYMENT_TARGET = 17.4;
				MARKETING_VERSION = 1.0;
				PRODUCT_BUNDLE_IDENTIFIER = com.sawitpro.gitattributesTests;
				PRODUCT_NAME = "$(TARGET_NAME)";
				SWIFT_EMIT_LOC_STRINGS = NO;
				SWIFT_VERSION = 5.0;
				TARGETED_DEVICE_FAMILY = "1,2";
				TEST_HOST = "$(BUILT_PRODUCTS_DIR)/gitattributes.app/$(BUNDLE_EXECUTABLE_FOLDER_PATH)/gitattributes";
			};
			name = Debug;
		};
		428FA4682C12C3F200517215 /* Release */ = {
			isa = XCBuildConfiguration;
			buildSettings = {
				ALWAYS_EMBED_SWIFT_STANDARD_LIBRARIES = YES;
				BUNDLE_LOADER = "$(TEST_HOST)";
				CODE_SIGN_STYLE = Automatic;
				CURRENT_PROJECT_VERSION = 1;
				GENERATE_INFOPLIST_FILE = YES;
				IPHONEOS_DEPLOYMENT_TARGET = 17.4;
				MARKETING_VERSION = 1.0;
				PRODUCT_BUNDLE_IDENTIFIER = com.sawitpro.gitattributesTests;
				PRODUCT_NAME = "$(TARGET_NAME)";
				SWIFT_EMIT_LOC_STRINGS = NO;
				SWIFT_VERSION = 5.0;
				TARGETED_DEVICE_FAMILY = "1,2";
				TEST_HOST = "$(BUILT_PRODUCTS_DIR)/gitattributes.app/$(BUNDLE_EXECUTABLE_FOLDER_PATH)/gitattributes";
			};
			name = Release;
		};
		428FA46A2C12C3F200517215 /* Debug */ = {
			isa = XCBuildConfiguration;
			buildSettings = {
				ALWAYS_EMBED_SWIFT_STANDARD_LIBRARIES = YES;
				CODE_SIGN_STYLE = Automatic;
				CURRENT_PROJECT_VERSION = 1;
				GENERATE_INFOPLIST_FILE = YES;
				MARKETING_VERSION = 1.0;
				PRODUCT_BUNDLE_IDENTIFIER = com.sawitpro.gitattributesUITests;
				PRODUCT_NAME = "$(TARGET_NAME)";
				SWIFT_EMIT_LOC_STRINGS = NO;
				SWIFT_VERSION = 5.0;
				TARGETED_DEVICE_FAMILY = "1,2";
				TEST_TARGET_NAME = gitattributes;
			};
			name = Debug;
		};
		428FA46B2C12C3F200517215 /* Release */ = {
			isa = XCBuildConfiguration;
			buildSettings = {
				ALWAYS_EMBED_SWIFT_STANDARD_LIBRARIES = YES;
				CODE_SIGN_STYLE = Automatic;
				CURRENT_PROJECT_VERSION = 1;
				GENERATE_INFOPLIST_FILE = YES;
				MARKETING_VERSION = 1.0;
				PRODUCT_BUNDLE_IDENTIFIER = com.sawitpro.gitattributesUITests;
				PRODUCT_NAME = "$(TARGET_NAME)";
				SWIFT_EMIT_LOC_STRINGS = NO;
				SWIFT_VERSION = 5.0;
				TARGETED_DEVICE_FAMILY = "1,2";
				TEST_TARGET_NAME = gitattributes;
			};
			name = Release;
		};
/* End XCBuildConfiguration section */

/* Begin XCConfigurationList section */
		428FA4352C12C3F000517215 /* Build configuration list for PBXProject "gitattributes" */ = {
			isa = XCConfigurationList;
			buildConfigurations = (
				428FA4612C12C3F200517215 /* Debug */,
				428FA4622C12C3F200517215 /* Release */,
			);
			defaultConfigurationIsVisible = 0;
			defaultConfigurationName = Release;
		};
		428FA4632C12C3F200517215 /* Build configuration list for PBXNativeTarget "gitattributes" */ = {
			isa = XCConfigurationList;
			buildConfigurations = (
				428FA4642C12C3F200517215 /* Debug */,
				428FA4652C12C3F200517215 /* Release */,
			);
			defaultConfigurationIsVisible = 0;
			defaultConfigurationName = Release;
		};
		428FA4662C12C3F200517215 /* Build configuration list for PBXNativeTarget "gitattributesTests" */ = {
			isa = XCConfigurationList;
			buildConfigurations = (
				428FA4672C12C3F200517215 /* Debug */,
				428FA4682C12C3F200517215 /* Release */,
			);
			defaultConfigurationIsVisible = 0;
			defaultConfigurationName = Release;
		};
		428FA4692C12C3F200517215 /* Build configuration list for PBXNativeTarget "gitattributesUITests" */ = {
			isa = XCConfigurationList;
			buildConfigurations = (
				428FA46A2C12C3F200517215 /* Debug */,
				428FA46B2C12C3F200517215 /* Release */,
			);
			defaultConfigurationIsVisible = 0;
			defaultConfigurationName = Release;
		};
/* End XCConfigurationList section */

/* Begin XCVersionGroup section */
		428FA4482C12C3F200517215 /* gitattributes.xcdatamodeld */ = {
			isa = XCVersionGroup;
			children = (
				428FA4492C12C3F200517215 /* gitattributes.xcdatamodel */,
			);
			currentVersion = 428FA4492C12C3F200517215 /* gitattributes.xcdatamodel */;
			path = gitattributes.xcdatamodeld;
			sourceTree = "<group>";
			versionGroupType = wrapper.xcdatamodel;
		};
/* End XCVersionGroup section */
	};
	rootObject = 428FA4322C12C3F000517215 /* Project object */;
}
